
Microsoft Visual Studio Solution File, Format Version 12.00
# Visual Studio 15
VisualStudioVersion = 15.0.27703.2026
MinimumVisualStudioVersion = 10.0.40219.1
Project("{FAE04EC0-301F-11D3-BF4B-00C04F79EFBC}") = "ProductShop.App", "ProductShop.App\ProductShop.App.csproj", "{DA461874-53E7-44E7-BA61-7ED464212E90}"
EndProject
Project("{FAE04EC0-301F-11D3-BF4B-00C04F79EFBC}") = "ProductShop.Data", "ProductShop.Data\ProductShop.Data.csproj", "{7F2DC0B2-D913-429F-ABDE-18E4D6F42122}"
EndProject
Global
	GlobalSection(SolutionConfigurationPlatforms) = preSolution
		Debug|Any CPU = Debug|Any CPU
		Release|Any CPU = Release|Any CPU
	EndGlobalSection
	GlobalSection(ProjectConfigurationPlatforms) = postSolution
		{DA461874-53E7-44E7-BA61-7ED464212E90}.Debug|Any CPU.ActiveCfg = Debug|Any CPU
		{DA461874-53E7-44E7-BA61-7ED464212E90}.Debug|Any CPU.Build.0 = Debug|Any CPU
		{DA461874-53E7-44E7-BA61-7ED464212E90}.Release|Any CPU.ActiveCfg = Release|Any CPU
		{DA461874-53E7-44E7-BA61-7ED464212E90}.Release|Any CPU.Build.0 = Release|Any CPU
		{7F2DC0B2-D913-429F-ABDE-18E4D6F42122}.Debug|Any CPU.ActiveCfg = Debug|Any CPU
		{7F2DC0B2-D913-429F-ABDE-18E4D6F42122}.Debug|Any CPU.Build.0 = Debug|Any CPU
		{7F2DC0B2-D913-429F-ABDE-18E4D6F42122}.Release|Any CPU.ActiveCfg = Release|Any CPU
		{7F2DC0B2-D913-429F-ABDE-18E4D6F42122}.Release|Any CPU.Build.0 = Release|Any CPU
	EndGlobalSection
	GlobalSection(SolutionProperties) = preSolution
		HideSolutionNode = FALSE
	EndGlobalSection
	GlobalSection(ExtensibilityGlobals) = postSolution
		SolutionGuid = {9CFFA78C-500F-4069-AE54-47BF369020F0}
	EndGlobalSection
EndGlobal
