
Microsoft Visual Studio Solution File, Format Version 12.00
# Visual Studio 15
VisualStudioVersion = 15.0.27703.2026
MinimumVisualStudioVersion = 10.0.40219.1
Project("{FAE04EC0-301F-11D3-BF4B-00C04F79EFBC}") = "CarDealer.App", "CarDealer.App\CarDealer.App.csproj", "{EB619C3B-ED5F-48A2-823F-092EB9DFC7BD}"
EndProject
Project("{FAE04EC0-301F-11D3-BF4B-00C04F79EFBC}") = "CarDealer.Data", "CarDealer.Data\CarDealer.Data.csproj", "{20271524-18B2-40E8-9ECF-46641B24C414}"
EndProject
Global
	GlobalSection(SolutionConfigurationPlatforms) = preSolution
		Debug|Any CPU = Debug|Any CPU
		Release|Any CPU = Release|Any CPU
	EndGlobalSection
	GlobalSection(ProjectConfigurationPlatforms) = postSolution
		{EB619C3B-ED5F-48A2-823F-092EB9DFC7BD}.Debug|Any CPU.ActiveCfg = Debug|Any CPU
		{EB619C3B-ED5F-48A2-823F-092EB9DFC7BD}.Debug|Any CPU.Build.0 = Debug|Any CPU
		{EB619C3B-ED5F-48A2-823F-092EB9DFC7BD}.Release|Any CPU.ActiveCfg = Release|Any CPU
		{EB619C3B-ED5F-48A2-823F-092EB9DFC7BD}.Release|Any CPU.Build.0 = Release|Any CPU
		{20271524-18B2-40E8-9ECF-46641B24C414}.Debug|Any CPU.ActiveCfg = Debug|Any CPU
		{20271524-18B2-40E8-9ECF-46641B24C414}.Debug|Any CPU.Build.0 = Debug|Any CPU
		{20271524-18B2-40E8-9ECF-46641B24C414}.Release|Any CPU.ActiveCfg = Release|Any CPU
		{20271524-18B2-40E8-9ECF-46641B24C414}.Release|Any CPU.Build.0 = Release|Any CPU
	EndGlobalSection
	GlobalSection(SolutionProperties) = preSolution
		HideSolutionNode = FALSE
	EndGlobalSection
	GlobalSection(ExtensibilityGlobals) = postSolution
		SolutionGuid = {870D1FDD-97AE-48E2-A0D7-FD88BDEE35B3}
	EndGlobalSection
EndGlobal
