
Microsoft Visual Studio Solution File, Format Version 12.00
# Visual Studio 15
VisualStudioVersion = 15.0.27703.2026
MinimumVisualStudioVersion = 10.0.40219.1
Project("{9A19103F-16F7-4668-BE54-9A1E7A4F7556}") = "PhotoShare.App", "PhotoShare.App\PhotoShare.App.csproj", "{38BF1D31-FBCE-43A2-A199-F477239EAB11}"
EndProject
Project("{FAE04EC0-301F-11D3-BF4B-00C04F79EFBC}") = "PhotoShare.Data", "PhotoShare.Data\PhotoShare.Data.csproj", "{4F10D8C6-B177-463B-A7B1-362EDC07A56B}"
EndProject
Project("{FAE04EC0-301F-11D3-BF4B-00C04F79EFBC}") = "PhotoShare.Models", "PhotoShare.Models\PhotoShare.Models.csproj", "{C9A9548B-131C-425B-8A7B-95EF30A0AA6F}"
EndProject
Project("{FAE04EC0-301F-11D3-BF4B-00C04F79EFBC}") = "PhotoShare.Services", "PhotoShare.Services\PhotoShare.Services.csproj", "{E627D942-86C6-4401-8DD3-2B28561B39CE}"
EndProject
Project("{FAE04EC0-301F-11D3-BF4B-00C04F79EFBC}") = "PhotoShare.Common", "PhotoShare.Common\PhotoShare.Common.csproj", "{32CED99C-787B-4E3F-B67B-B89949E0D22C}"
EndProject
Global
	GlobalSection(SolutionConfigurationPlatforms) = preSolution
		Debug|Any CPU = Debug|Any CPU
		Release|Any CPU = Release|Any CPU
	EndGlobalSection
	GlobalSection(ProjectConfigurationPlatforms) = postSolution
		{38BF1D31-FBCE-43A2-A199-F477239EAB11}.Debug|Any CPU.ActiveCfg = Debug|Any CPU
		{38BF1D31-FBCE-43A2-A199-F477239EAB11}.Debug|Any CPU.Build.0 = Debug|Any CPU
		{38BF1D31-FBCE-43A2-A199-F477239EAB11}.Release|Any CPU.ActiveCfg = Release|Any CPU
		{38BF1D31-FBCE-43A2-A199-F477239EAB11}.Release|Any CPU.Build.0 = Release|Any CPU
		{4F10D8C6-B177-463B-A7B1-362EDC07A56B}.Debug|Any CPU.ActiveCfg = Debug|Any CPU
		{4F10D8C6-B177-463B-A7B1-362EDC07A56B}.Debug|Any CPU.Build.0 = Debug|Any CPU
		{4F10D8C6-B177-463B-A7B1-362EDC07A56B}.Release|Any CPU.ActiveCfg = Release|Any CPU
		{4F10D8C6-B177-463B-A7B1-362EDC07A56B}.Release|Any CPU.Build.0 = Release|Any CPU
		{C9A9548B-131C-425B-8A7B-95EF30A0AA6F}.Debug|Any CPU.ActiveCfg = Debug|Any CPU
		{C9A9548B-131C-425B-8A7B-95EF30A0AA6F}.Debug|Any CPU.Build.0 = Debug|Any CPU
		{C9A9548B-131C-425B-8A7B-95EF30A0AA6F}.Release|Any CPU.ActiveCfg = Release|Any CPU
		{C9A9548B-131C-425B-8A7B-95EF30A0AA6F}.Release|Any CPU.Build.0 = Release|Any CPU
		{E627D942-86C6-4401-8DD3-2B28561B39CE}.Debug|Any CPU.ActiveCfg = Debug|Any CPU
		{E627D942-86C6-4401-8DD3-2B28561B39CE}.Debug|Any CPU.Build.0 = Debug|Any CPU
		{E627D942-86C6-4401-8DD3-2B28561B39CE}.Release|Any CPU.ActiveCfg = Release|Any CPU
		{E627D942-86C6-4401-8DD3-2B28561B39CE}.Release|Any CPU.Build.0 = Release|Any CPU
		{32CED99C-787B-4E3F-B67B-B89949E0D22C}.Debug|Any CPU.ActiveCfg = Debug|Any CPU
		{32CED99C-787B-4E3F-B67B-B89949E0D22C}.Debug|Any CPU.Build.0 = Debug|Any CPU
		{32CED99C-787B-4E3F-B67B-B89949E0D22C}.Release|Any CPU.ActiveCfg = Release|Any CPU
		{32CED99C-787B-4E3F-B67B-B89949E0D22C}.Release|Any CPU.Build.0 = Release|Any CPU
	EndGlobalSection
	GlobalSection(SolutionProperties) = preSolution
		HideSolutionNode = FALSE
	EndGlobalSection
	GlobalSection(ExtensibilityGlobals) = postSolution
		SolutionGuid = {2FB092FA-BEE1-403E-A57E-25A5F599B4EB}
	EndGlobalSection
EndGlobal
