
Microsoft Visual Studio Solution File, Format Version 12.00
# Visual Studio 15
VisualStudioVersion = 15.0.27703.2026
MinimumVisualStudioVersion = 10.0.40219.1
Project("{FAE04EC0-301F-11D3-BF4B-00C04F79EFBC}") = "Employees.App", "Employees.App\Employees.App.csproj", "{1B922695-0D19-4C05-B9C4-5A8CD8FAEE71}"
EndProject
Project("{FAE04EC0-301F-11D3-BF4B-00C04F79EFBC}") = "Employees.Data", "Employees.Data\Employees.Data.csproj", "{69B6DE1A-D59D-4522-B739-29E4667A2EFD}"
EndProject
Project("{FAE04EC0-301F-11D3-BF4B-00C04F79EFBC}") = "Employees.Services", "Employees.Services\Employees.Services.csproj", "{F05211DA-C41E-489C-909C-CDADC5DB9BC0}"
EndProject
Project("{FAE04EC0-301F-11D3-BF4B-00C04F79EFBC}") = "Employees.Common", "Employees.Common\Employees.Common.csproj", "{560783CE-2AE7-4DC0-8F03-315AE112FE2E}"
EndProject
Global
	GlobalSection(SolutionConfigurationPlatforms) = preSolution
		Debug|Any CPU = Debug|Any CPU
		Release|Any CPU = Release|Any CPU
	EndGlobalSection
	GlobalSection(ProjectConfigurationPlatforms) = postSolution
		{1B922695-0D19-4C05-B9C4-5A8CD8FAEE71}.Debug|Any CPU.ActiveCfg = Debug|Any CPU
		{1B922695-0D19-4C05-B9C4-5A8CD8FAEE71}.Debug|Any CPU.Build.0 = Debug|Any CPU
		{1B922695-0D19-4C05-B9C4-5A8CD8FAEE71}.Release|Any CPU.ActiveCfg = Release|Any CPU
		{1B922695-0D19-4C05-B9C4-5A8CD8FAEE71}.Release|Any CPU.Build.0 = Release|Any CPU
		{69B6DE1A-D59D-4522-B739-29E4667A2EFD}.Debug|Any CPU.ActiveCfg = Debug|Any CPU
		{69B6DE1A-D59D-4522-B739-29E4667A2EFD}.Debug|Any CPU.Build.0 = Debug|Any CPU
		{69B6DE1A-D59D-4522-B739-29E4667A2EFD}.Release|Any CPU.ActiveCfg = Release|Any CPU
		{69B6DE1A-D59D-4522-B739-29E4667A2EFD}.Release|Any CPU.Build.0 = Release|Any CPU
		{F05211DA-C41E-489C-909C-CDADC5DB9BC0}.Debug|Any CPU.ActiveCfg = Debug|Any CPU
		{F05211DA-C41E-489C-909C-CDADC5DB9BC0}.Debug|Any CPU.Build.0 = Debug|Any CPU
		{F05211DA-C41E-489C-909C-CDADC5DB9BC0}.Release|Any CPU.ActiveCfg = Release|Any CPU
		{F05211DA-C41E-489C-909C-CDADC5DB9BC0}.Release|Any CPU.Build.0 = Release|Any CPU
		{560783CE-2AE7-4DC0-8F03-315AE112FE2E}.Debug|Any CPU.ActiveCfg = Debug|Any CPU
		{560783CE-2AE7-4DC0-8F03-315AE112FE2E}.Debug|Any CPU.Build.0 = Debug|Any CPU
		{560783CE-2AE7-4DC0-8F03-315AE112FE2E}.Release|Any CPU.ActiveCfg = Release|Any CPU
		{560783CE-2AE7-4DC0-8F03-315AE112FE2E}.Release|Any CPU.Build.0 = Release|Any CPU
	EndGlobalSection
	GlobalSection(SolutionProperties) = preSolution
		HideSolutionNode = FALSE
	EndGlobalSection
	GlobalSection(ExtensibilityGlobals) = postSolution
		SolutionGuid = {CB53D304-9FC4-4480-A6C0-F72339A700A3}
	EndGlobalSection
EndGlobal
