
Microsoft Visual Studio Solution File, Format Version 12.00
# Visual Studio 15
VisualStudioVersion = 15.0.27703.2026
MinimumVisualStudioVersion = 10.0.40219.1
Project("{9A19103F-16F7-4668-BE54-9A1E7A4F7556}") = "Minions.App", "Minions.App\Minions.App.csproj", "{526948B4-07A4-4221-89E6-B478D48CCC57}"
EndProject
Project("{9A19103F-16F7-4668-BE54-9A1E7A4F7556}") = "Minions.Data", "Minions.Data\Minions.Data.csproj", "{03F10EAC-45A4-4117-9632-DB9B759EF311}"
EndProject
Project("{9A19103F-16F7-4668-BE54-9A1E7A4F7556}") = "Minions.Services", "Minions.Services\Minions.Services.csproj", "{6BA002FC-3B1D-41CA-BA14-64909489383F}"
EndProject
Project("{FAE04EC0-301F-11D3-BF4B-00C04F79EFBC}") = "Minions.Models", "Minions.Models\Minions.Models.csproj", "{44636690-B653-4E97-B082-D0A3D36071B2}"
EndProject
Global
	GlobalSection(SolutionConfigurationPlatforms) = preSolution
		Debug|Any CPU = Debug|Any CPU
		Release|Any CPU = Release|Any CPU
	EndGlobalSection
	GlobalSection(ProjectConfigurationPlatforms) = postSolution
		{526948B4-07A4-4221-89E6-B478D48CCC57}.Debug|Any CPU.ActiveCfg = Debug|Any CPU
		{526948B4-07A4-4221-89E6-B478D48CCC57}.Debug|Any CPU.Build.0 = Debug|Any CPU
		{526948B4-07A4-4221-89E6-B478D48CCC57}.Release|Any CPU.ActiveCfg = Release|Any CPU
		{526948B4-07A4-4221-89E6-B478D48CCC57}.Release|Any CPU.Build.0 = Release|Any CPU
		{03F10EAC-45A4-4117-9632-DB9B759EF311}.Debug|Any CPU.ActiveCfg = Debug|Any CPU
		{03F10EAC-45A4-4117-9632-DB9B759EF311}.Debug|Any CPU.Build.0 = Debug|Any CPU
		{03F10EAC-45A4-4117-9632-DB9B759EF311}.Release|Any CPU.ActiveCfg = Release|Any CPU
		{03F10EAC-45A4-4117-9632-DB9B759EF311}.Release|Any CPU.Build.0 = Release|Any CPU
		{6BA002FC-3B1D-41CA-BA14-64909489383F}.Debug|Any CPU.ActiveCfg = Debug|Any CPU
		{6BA002FC-3B1D-41CA-BA14-64909489383F}.Debug|Any CPU.Build.0 = Debug|Any CPU
		{6BA002FC-3B1D-41CA-BA14-64909489383F}.Release|Any CPU.ActiveCfg = Release|Any CPU
		{6BA002FC-3B1D-41CA-BA14-64909489383F}.Release|Any CPU.Build.0 = Release|Any CPU
		{44636690-B653-4E97-B082-D0A3D36071B2}.Debug|Any CPU.ActiveCfg = Debug|Any CPU
		{44636690-B653-4E97-B082-D0A3D36071B2}.Debug|Any CPU.Build.0 = Debug|Any CPU
		{44636690-B653-4E97-B082-D0A3D36071B2}.Release|Any CPU.ActiveCfg = Release|Any CPU
		{44636690-B653-4E97-B082-D0A3D36071B2}.Release|Any CPU.Build.0 = Release|Any CPU
	EndGlobalSection
	GlobalSection(SolutionProperties) = preSolution
		HideSolutionNode = FALSE
	EndGlobalSection
	GlobalSection(ExtensibilityGlobals) = postSolution
		SolutionGuid = {DCEFED9B-9175-4C1A-B25C-A53B5925BB44}
	EndGlobalSection
EndGlobal
