
Microsoft Visual Studio Solution File, Format Version 12.00
# Visual Studio 15
VisualStudioVersion = 15.0.27703.2026
MinimumVisualStudioVersion = 10.0.40219.1
Project("{9A19103F-16F7-4668-BE54-9A1E7A4F7556}") = "BillsPaymentSystem.App", "BillsPaymentSystem\BillsPaymentSystem.App.csproj", "{139F780D-8B2E-4FEA-B59D-A4F8B6C0A0B7}"
EndProject
Project("{9A19103F-16F7-4668-BE54-9A1E7A4F7556}") = "BillsPaymentSystem.Data", "BillsPaymentSystem.Data\BillsPaymentSystem.Data.csproj", "{2972C36A-E58F-45B5-8DED-8813DAA5B394}"
EndProject
Project("{9A19103F-16F7-4668-BE54-9A1E7A4F7556}") = "BillsPaymentSystem.Services", "BillsPaymentSystem.Services\BillsPaymentSystem.Services.csproj", "{85557042-DD48-4DDD-AD0E-234DA149A6D4}"
EndProject
Project("{9A19103F-16F7-4668-BE54-9A1E7A4F7556}") = "BillsPaymentSystem.Common", "BillsPaymentSystem.Common\BillsPaymentSystem.Common.csproj", "{3FFFF79C-BF43-4ADD-83B6-7BB924E497A1}"
EndProject
Project("{FAE04EC0-301F-11D3-BF4B-00C04F79EFBC}") = "BillsPaymentSystem.Models", "BillsPaymentSystem.Models\BillsPaymentSystem.Models.csproj", "{1428C8DA-F7CA-4A35-A266-69C2DFF5B3DB}"
EndProject
Global
	GlobalSection(SolutionConfigurationPlatforms) = preSolution
		Debug|Any CPU = Debug|Any CPU
		Release|Any CPU = Release|Any CPU
	EndGlobalSection
	GlobalSection(ProjectConfigurationPlatforms) = postSolution
		{139F780D-8B2E-4FEA-B59D-A4F8B6C0A0B7}.Debug|Any CPU.ActiveCfg = Debug|Any CPU
		{139F780D-8B2E-4FEA-B59D-A4F8B6C0A0B7}.Debug|Any CPU.Build.0 = Debug|Any CPU
		{139F780D-8B2E-4FEA-B59D-A4F8B6C0A0B7}.Release|Any CPU.ActiveCfg = Release|Any CPU
		{139F780D-8B2E-4FEA-B59D-A4F8B6C0A0B7}.Release|Any CPU.Build.0 = Release|Any CPU
		{2972C36A-E58F-45B5-8DED-8813DAA5B394}.Debug|Any CPU.ActiveCfg = Debug|Any CPU
		{2972C36A-E58F-45B5-8DED-8813DAA5B394}.Debug|Any CPU.Build.0 = Debug|Any CPU
		{2972C36A-E58F-45B5-8DED-8813DAA5B394}.Release|Any CPU.ActiveCfg = Release|Any CPU
		{2972C36A-E58F-45B5-8DED-8813DAA5B394}.Release|Any CPU.Build.0 = Release|Any CPU
		{85557042-DD48-4DDD-AD0E-234DA149A6D4}.Debug|Any CPU.ActiveCfg = Debug|Any CPU
		{85557042-DD48-4DDD-AD0E-234DA149A6D4}.Debug|Any CPU.Build.0 = Debug|Any CPU
		{85557042-DD48-4DDD-AD0E-234DA149A6D4}.Release|Any CPU.ActiveCfg = Release|Any CPU
		{85557042-DD48-4DDD-AD0E-234DA149A6D4}.Release|Any CPU.Build.0 = Release|Any CPU
		{3FFFF79C-BF43-4ADD-83B6-7BB924E497A1}.Debug|Any CPU.ActiveCfg = Debug|Any CPU
		{3FFFF79C-BF43-4ADD-83B6-7BB924E497A1}.Debug|Any CPU.Build.0 = Debug|Any CPU
		{3FFFF79C-BF43-4ADD-83B6-7BB924E497A1}.Release|Any CPU.ActiveCfg = Release|Any CPU
		{3FFFF79C-BF43-4ADD-83B6-7BB924E497A1}.Release|Any CPU.Build.0 = Release|Any CPU
		{1428C8DA-F7CA-4A35-A266-69C2DFF5B3DB}.Debug|Any CPU.ActiveCfg = Debug|Any CPU
		{1428C8DA-F7CA-4A35-A266-69C2DFF5B3DB}.Debug|Any CPU.Build.0 = Debug|Any CPU
		{1428C8DA-F7CA-4A35-A266-69C2DFF5B3DB}.Release|Any CPU.ActiveCfg = Release|Any CPU
		{1428C8DA-F7CA-4A35-A266-69C2DFF5B3DB}.Release|Any CPU.Build.0 = Release|Any CPU
	EndGlobalSection
	GlobalSection(SolutionProperties) = preSolution
		HideSolutionNode = FALSE
	EndGlobalSection
	GlobalSection(ExtensibilityGlobals) = postSolution
		SolutionGuid = {4612262A-D6DA-4DB8-9B9C-B0354D8FC14B}
	EndGlobalSection
EndGlobal
