
Microsoft Visual Studio Solution File, Format Version 12.00
# Visual Studio 15
VisualStudioVersion = 15.0.27703.2026
MinimumVisualStudioVersion = 10.0.40219.1
Project("{FAE04EC0-301F-11D3-BF4B-00C04F79EFBC}") = "ProductShop.App", "ProductShop.App\ProductShop.App.csproj", "{2517395D-10E1-45B1-979B-3EBC256B049D}"
EndProject
Project("{FAE04EC0-301F-11D3-BF4B-00C04F79EFBC}") = "ProductShop.Data", "ProductShop.Data\ProductShop.Data.csproj", "{09F3903E-5553-4A99-94B2-2E3C8178F381}"
EndProject
Global
	GlobalSection(SolutionConfigurationPlatforms) = preSolution
		Debug|Any CPU = Debug|Any CPU
		Release|Any CPU = Release|Any CPU
	EndGlobalSection
	GlobalSection(ProjectConfigurationPlatforms) = postSolution
		{2517395D-10E1-45B1-979B-3EBC256B049D}.Debug|Any CPU.ActiveCfg = Debug|Any CPU
		{2517395D-10E1-45B1-979B-3EBC256B049D}.Debug|Any CPU.Build.0 = Debug|Any CPU
		{2517395D-10E1-45B1-979B-3EBC256B049D}.Release|Any CPU.ActiveCfg = Release|Any CPU
		{2517395D-10E1-45B1-979B-3EBC256B049D}.Release|Any CPU.Build.0 = Release|Any CPU
		{09F3903E-5553-4A99-94B2-2E3C8178F381}.Debug|Any CPU.ActiveCfg = Debug|Any CPU
		{09F3903E-5553-4A99-94B2-2E3C8178F381}.Debug|Any CPU.Build.0 = Debug|Any CPU
		{09F3903E-5553-4A99-94B2-2E3C8178F381}.Release|Any CPU.ActiveCfg = Release|Any CPU
		{09F3903E-5553-4A99-94B2-2E3C8178F381}.Release|Any CPU.Build.0 = Release|Any CPU
	EndGlobalSection
	GlobalSection(SolutionProperties) = preSolution
		HideSolutionNode = FALSE
	EndGlobalSection
	GlobalSection(ExtensibilityGlobals) = postSolution
		SolutionGuid = {936A4391-3339-4024-AAB1-E54DBAF92730}
	EndGlobalSection
EndGlobal
